// !$*UTF8*$!
{
	archiveVersion = 1;
	classes = {
	};
	objectVersion = 77;
	objects = {

/* Begin PBXBuildFile section */
		3E6DBC3F2F1209B3009B85F7 /* ManagedSettings.framework in Frameworks */ = {isa = PBXBuildFile; fileRef = 3E6DBC3E2F1209B3009B85F7 /* ManagedSettings.framework */; };
		3E6DBC412F1209B3009B85F7 /* ManagedSettingsUI.framework in Frameworks */ = {isa = PBXBuildFile; fileRef = 3E6DBC402F1209B3009B85F7 /* ManagedSettingsUI.framework */; };
		3E6DBC492F1209B3009B85F7 /* DevHoursShieldExtension.appex in Embed Foundation Extensions */ = {isa = PBXBuildFile; fileRef = 3E6DBC3D2F1209B3009B85F7 /* DevHoursShieldExtension.appex */; platformFilter = ios; settings = {ATTRIBUTES = (RemoveHeadersOnCopy, ); }; };
		3EC0739F2F00AA5500316BD9 /* WidgetKit.framework in Frameworks */ = {isa = PBXBuildFile; fileRef = 3EC0739E2F00AA5500316BD9 /* WidgetKit.framework */; };
		3EC073A12F00AA5500316BD9 /* SwiftUI.framework in Frameworks */ = {isa = PBXBuildFile; fileRef = 3EC073A02F00AA5500316BD9 /* SwiftUI.framework */; };
		3EC073AE2F00AA5500316BD9 /* DevHoursWidgetsExtension.appex in Embed Foundation Extensions */ = {isa = PBXBuildFile; fileRef = 3EC0739C2F00AA5500316BD9 /* DevHoursWidgetsExtension.appex */; settings = {ATTRIBUTES = (RemoveHeadersOnCopy, ); }; };
/* End PBXBuildFile section */

/* Begin PBXContainerItemProxy section */
		3E6DBC472F1209B3009B85F7 /* PBXContainerItemProxy */ = {
			isa = PBXContainerItemProxy;
			containerPortal = 3EEC6C2C2EEE6BA800CC7494 /* Project object */;
			proxyType = 1;
			remoteGlobalIDString = 3E6DBC3C2F1209B3009B85F7;
			remoteInfo = DevHoursShieldExtension;
		};
		3EC073AC2F00AA5500316BD9 /* PBXContainerItemProxy */ = {
			isa = PBXContainerItemProxy;
			containerPortal = 3EEC6C2C2EEE6BA800CC7494 /* Project object */;
			proxyType = 1;
			remoteGlobalIDString = 3EC0739B2F00AA5500316BD9;
			remoteInfo = DevHoursWidgetsExtension;
		};
/* End PBXContainerItemProxy section */

/* Begin PBXCopyFilesBuildPhase section */
		3EC073B32F00AA5500316BD9 /* Embed Foundation Extensions */ = {
			isa = PBXCopyFilesBuildPhase;
			buildActionMask = 2147483647;
			dstPath = "";
			dstSubfolderSpec = 13;
			files = (
				3EC073AE2F00AA5500316BD9 /* DevHoursWidgetsExtension.appex in Embed Foundation Extensions */,
				3E6DBC492F1209B3009B85F7 /* DevHoursShieldExtension.appex in Embed Foundation Extensions */,
			);
			name = "Embed Foundation Extensions";
			runOnlyForDeploymentPostprocessing = 0;
		};
/* End PBXCopyFilesBuildPhase section */

/* Begin PBXFileReference section */
		3E6DBC3D2F1209B3009B85F7 /* DevHoursShieldExtension.appex */ = {isa = PBXFileReference; explicitFileType = "wrapper.app-extension"; includeInIndex = 0; path = DevHoursShieldExtension.appex; sourceTree = BUILT_PRODUCTS_DIR; };
		3E6DBC3E2F1209B3009B85F7 /* ManagedSettings.framework */ = {isa = PBXFileReference; lastKnownFileType = wrapper.framework; name = ManagedSettings.framework; path = System/Library/Frameworks/ManagedSettings.framework; sourceTree = SDKROOT; };
		3E6DBC402F1209B3009B85F7 /* ManagedSettingsUI.framework */ = {isa = PBXFileReference; lastKnownFileType = wrapper.framework; name = ManagedSettingsUI.framework; path = System/Library/Frameworks/ManagedSettingsUI.framework; sourceTree = SDKROOT; };
		3EC0739C2F00AA5500316BD9 /* DevHoursWidgetsExtension.appex */ = {isa = PBXFileReference; explicitFileType = "wrapper.app-extension"; includeInIndex = 0; path = DevHoursWidgetsExtension.appex; sourceTree = BUILT_PRODUCTS_DIR; };
		3EC0739E2F00AA5500316BD9 /* WidgetKit.framework */ = {isa = PBXFileReference; lastKnownFileType = wrapper.framework; name = WidgetKit.framework; path = System/Library/Frameworks/WidgetKit.framework; sourceTree = SDKROOT; };
		3EC073A02F00AA5500316BD9 /* SwiftUI.framework */ = {isa = PBXFileReference; lastKnownFileType = wrapper.framework; name = SwiftUI.framework; path = System/Library/Frameworks/SwiftUI.framework; sourceTree = SDKROOT; };
		3EC073B42F00AA6A00316BD9 /* DevHoursWidgetsExtension.entitlements */ = {isa = PBXFileReference; lastKnownFileType = text.plist.entitlements; path = DevHoursWidgetsExtension.entitlements; sourceTree = "<group>"; };
		3EEC6C342EEE6BA800CC7494 /* DevHours.app */ = {isa = PBXFileReference; explicitFileType = wrapper.application; includeInIndex = 0; path = DevHours.app; sourceTree = BUILT_PRODUCTS_DIR; };
		3EEC6C442EEE6BE400CC7494 /* CLAUDE.md */ = {isa = PBXFileReference; lastKnownFileType = net.daringfireball.markdown; path = CLAUDE.md; sourceTree = "<group>"; };
/* End PBXFileReference section */

/* Begin PBXFileSystemSynchronizedBuildFileExceptionSet section */
		3E6DBC4D2F1209B3009B85F7 /* Exceptions for "DevHoursShieldExtension" folder in "DevHoursShieldExtension" target */ = {
			isa = PBXFileSystemSynchronizedBuildFileExceptionSet;
			membershipExceptions = (
				Info.plist,
			);
			target = 3E6DBC3C2F1209B3009B85F7 /* DevHoursShieldExtension */;
		};
		3EAF57462F00F16D00EA8A10 /* Exceptions for "DevHours" folder in "DevHoursWidgetsExtension" target */ = {
			isa = PBXFileSystemSynchronizedBuildFileExceptionSet;
			membershipExceptions = (
				Shared/Entities.swift,
				SharedUI/CrossPlatformColors.swift,
				SharedUI/FormatHelpers.swift,
			);
			target = 3EC0739B2F00AA5500316BD9 /* DevHoursWidgetsExtension */;
		};
		3F1C8A9B2F02012300A1B2C3 /* Exceptions for "DevHours" folder in "DevHours" target */ = {
			isa = PBXFileSystemSynchronizedBuildFileExceptionSet;
			membershipExceptions = (
				Info.plist,
			);
			target = 3EEC6C332EEE6BA800CC7494 /* DevHours */;
		};
/* End PBXFileSystemSynchronizedBuildFileExceptionSet section */

/* Begin PBXFileSystemSynchronizedRootGroup section */
		3E6DBC422F1209B3009B85F7 /* DevHoursShieldExtension */ = {
			isa = PBXFileSystemSynchronizedRootGroup;
			exceptions = (
				3E6DBC4D2F1209B3009B85F7 /* Exceptions for "DevHoursShieldExtension" folder in "DevHoursShieldExtension" target */,
			);
			path = DevHoursShieldExtension;
			sourceTree = "<group>";
		};
		3EC073A22F00AA5500316BD9 /* DevHoursWidgets */ = {
			isa = PBXFileSystemSynchronizedRootGroup;
			path = DevHoursWidgets;
			sourceTree = "<group>";
		};
		3EEC6C362EEE6BA800CC7494 /* DevHours */ = {
			isa = PBXFileSystemSynchronizedRootGroup;
			exceptions = (
				3F1C8A9B2F02012300A1B2C3 /* Exceptions for "DevHours" folder in "DevHours" target */,
				3EAF57462F00F16D00EA8A10 /* Exceptions for "DevHours" folder in "DevHoursWidgetsExtension" target */,
			);
			path = DevHours;
			sourceTree = "<group>";
		};
/* End PBXFileSystemSynchronizedRootGroup section */

/* Begin PBXFrameworksBuildPhase section */
		3E6DBC3A2F1209B3009B85F7 /* Frameworks */ = {
			isa = PBXFrameworksBuildPhase;
			buildActionMask = 2147483647;
			files = (
				3E6DBC3F2F1209B3009B85F7 /* ManagedSettings.framework in Frameworks */,
				3E6DBC412F1209B3009B85F7 /* ManagedSettingsUI.framework in Frameworks */,
			);
			runOnlyForDeploymentPostprocessing = 0;
		};
		3EC073992F00AA5500316BD9 /* Frameworks */ = {
			isa = PBXFrameworksBuildPhase;
			buildActionMask = 2147483647;
			files = (
				3EC073A12F00AA5500316BD9 /* SwiftUI.framework in Frameworks */,
				3EC0739F2F00AA5500316BD9 /* WidgetKit.framework in Frameworks */,
			);
			runOnlyForDeploymentPostprocessing = 0;
		};
		3EEC6C312EEE6BA800CC7494 /* Frameworks */ = {
			isa = PBXFrameworksBuildPhase;
			buildActionMask = 2147483647;
			files = (
			);
			runOnlyForDeploymentPostprocessing = 0;
		};
/* End PBXFrameworksBuildPhase section */

/* Begin PBXGroup section */
		3EC0739D2F00AA5500316BD9 /* Frameworks */ = {
			isa = PBXGroup;
			children = (
				3EC0739E2F00AA5500316BD9 /* WidgetKit.framework */,
				3EC073A02F00AA5500316BD9 /* SwiftUI.framework */,
				3E6DBC3E2F1209B3009B85F7 /* ManagedSettings.framework */,
				3E6DBC402F1209B3009B85F7 /* ManagedSettingsUI.framework */,
			);
			name = Frameworks;
			sourceTree = "<group>";
		};
		3EEC6C2B2EEE6BA800CC7494 = {
			isa = PBXGroup;
			children = (
				3EEC6C442EEE6BE400CC7494 /* CLAUDE.md */,
				3EEC6C362EEE6BA800CC7494 /* DevHours */,
				3EC073A22F00AA5500316BD9 /* DevHoursWidgets */,
				3E6DBC422F1209B3009B85F7 /* DevHoursShieldExtension */,
				3EC0739D2F00AA5500316BD9 /* Frameworks */,
				3EEC6C352EEE6BA800CC7494 /* Products */,
				3EC073B42F00AA6A00316BD9 /* DevHoursWidgetsExtension.entitlements */,
			);
			sourceTree = "<group>";
		};
		3EEC6C352EEE6BA800CC7494 /* Products */ = {
			isa = PBXGroup;
			children = (
				3EEC6C342EEE6BA800CC7494 /* DevHours.app */,
				3EC0739C2F00AA5500316BD9 /* DevHoursWidgetsExtension.appex */,
				3E6DBC3D2F1209B3009B85F7 /* DevHoursShieldExtension.appex */,
			);
			name = Products;
			sourceTree = "<group>";
		};
/* End PBXGroup section */

/* Begin PBXNativeTarget section */
		3E6DBC3C2F1209B3009B85F7 /* DevHoursShieldExtension */ = {
			isa = PBXNativeTarget;
			buildConfigurationList = 3E6DBC4C2F1209B3009B85F7 /* Build configuration list for PBXNativeTarget "DevHoursShieldExtension" */;
			buildPhases = (
				3E6DBC392F1209B3009B85F7 /* Sources */,
				3E6DBC3A2F1209B3009B85F7 /* Frameworks */,
				3E6DBC3B2F1209B3009B85F7 /* Resources */,
			);
			buildRules = (
			);
			dependencies = (
			);
			fileSystemSynchronizedGroups = (
				3E6DBC422F1209B3009B85F7 /* DevHoursShieldExtension */,
			);
			name = DevHoursShieldExtension;
			packageProductDependencies = (
			);
			productName = DevHoursShieldExtension;
			productReference = 3E6DBC3D2F1209B3009B85F7 /* DevHoursShieldExtension.appex */;
			productType = "com.apple.product-type.app-extension";
		};
		3EC0739B2F00AA5500316BD9 /* DevHoursWidgetsExtension */ = {
			isa = PBXNativeTarget;
			buildConfigurationList = 3EC073B02F00AA5500316BD9 /* Build configuration list for PBXNativeTarget "DevHoursWidgetsExtension" */;
			buildPhases = (
				3EC073982F00AA5500316BD9 /* Sources */,
				3EC073992F00AA5500316BD9 /* Frameworks */,
				3EC0739A2F00AA5500316BD9 /* Resources */,
			);
			buildRules = (
			);
			dependencies = (
			);
			fileSystemSynchronizedGroups = (
				3EC073A22F00AA5500316BD9 /* DevHoursWidgets */,
			);
			name = DevHoursWidgetsExtension;
			packageProductDependencies = (
			);
			productName = DevHoursWidgetsExtension;
			productReference = 3EC0739C2F00AA5500316BD9 /* DevHoursWidgetsExtension.appex */;
			productType = "com.apple.product-type.app-extension";
		};
		3EEC6C332EEE6BA800CC7494 /* DevHours */ = {
			isa = PBXNativeTarget;
			buildConfigurationList = 3EEC6C412EEE6BA900CC7494 /* Build configuration list for PBXNativeTarget "DevHours" */;
			buildPhases = (
				3EEC6C302EEE6BA800CC7494 /* Sources */,
				3EEC6C312EEE6BA800CC7494 /* Frameworks */,
				3EEC6C322EEE6BA800CC7494 /* Resources */,
				3EC073B32F00AA5500316BD9 /* Embed Foundation Extensions */,
			);
			buildRules = (
			);
			dependencies = (
				3EC073AD2F00AA5500316BD9 /* PBXTargetDependency */,
				3E6DBC482F1209B3009B85F7 /* PBXTargetDependency */,
			);
			fileSystemSynchronizedGroups = (
				3EEC6C362EEE6BA800CC7494 /* DevHours */,
			);
			name = DevHours;
			packageProductDependencies = (
			);
			productName = DevHours;
			productReference = 3EEC6C342EEE6BA800CC7494 /* DevHours.app */;
			productType = "com.apple.product-type.application";
		};
/* End PBXNativeTarget section */

/* Begin PBXProject section */
		3EEC6C2C2EEE6BA800CC7494 /* Project object */ = {
			isa = PBXProject;
			attributes = {
				BuildIndependentTargetsInParallel = 1;
				LastSwiftUpdateCheck = 2600;
				LastUpgradeCheck = 2600;
				TargetAttributes = {
					3E6DBC3C2F1209B3009B85F7 = {
						CreatedOnToolsVersion = 26.0.1;
					};
					3EC0739B2F00AA5500316BD9 = {
						CreatedOnToolsVersion = 26.2;
					};
					3EEC6C332EEE6BA800CC7494 = {
						CreatedOnToolsVersion = 26.0.1;
					};
				};
			};
			buildConfigurationList = 3EEC6C2F2EEE6BA800CC7494 /* Build configuration list for PBXProject "DevHours" */;
			developmentRegion = en;
			hasScannedForEncodings = 0;
			knownRegions = (
				en,
				Base,
			);
			mainGroup = 3EEC6C2B2EEE6BA800CC7494;
			minimizedProjectReferenceProxies = 1;
			preferredProjectObjectVersion = 77;
			productRefGroup = 3EEC6C352EEE6BA800CC7494 /* Products */;
			projectDirPath = "";
			projectRoot = "";
			targets = (
				3EEC6C332EEE6BA800CC7494 /* DevHours */,
				3EC0739B2F00AA5500316BD9 /* DevHoursWidgetsExtension */,
				3E6DBC3C2F1209B3009B85F7 /* DevHoursShieldExtension */,
			);
		};
/* End PBXProject section */

/* Begin PBXResourcesBuildPhase section */
		3E6DBC3B2F1209B3009B85F7 /* Resources */ = {
			isa = PBXResourcesBuildPhase;
			buildActionMask = 2147483647;
			files = (
			);
			runOnlyForDeploymentPostprocessing = 0;
		};
		3EC0739A2F00AA5500316BD9 /* Resources */ = {
			isa = PBXResourcesBuildPhase;
			buildActionMask = 2147483647;
			files = (
			);
			runOnlyForDeploymentPostprocessing = 0;
		};
		3EEC6C322EEE6BA800CC7494 /* Resources */ = {
			isa = PBXResourcesBuildPhase;
			buildActionMask = 2147483647;
			files = (
			);
			runOnlyForDeploymentPostprocessing = 0;
		};
/* End PBXResourcesBuildPhase section */

/* Begin PBXSourcesBuildPhase section */
		3E6DBC392F1209B3009B85F7 /* Sources */ = {
			isa = PBXSourcesBuildPhase;
			buildActionMask = 2147483647;
			files = (
			);
			runOnlyForDeploymentPostprocessing = 0;
		};
		3EC073982F00AA5500316BD9 /* Sources */ = {
			isa = PBXSourcesBuildPhase;
			buildActionMask = 2147483647;
			files = (
			);
			runOnlyForDeploymentPostprocessing = 0;
		};
		3EEC6C302EEE6BA800CC7494 /* Sources */ = {
			isa = PBXSourcesBuildPhase;
			buildActionMask = 2147483647;
			files = (
			);
			runOnlyForDeploymentPostprocessing = 0;
		};
/* End PBXSourcesBuildPhase section */

/* Begin PBXTargetDependency section */
		3E6DBC482F1209B3009B85F7 /* PBXTargetDependency */ = {
			isa = PBXTargetDependency;
			target = 3E6DBC3C2F1209B3009B85F7 /* DevHoursShieldExtension */;
			targetProxy = 3E6DBC472F1209B3009B85F7 /* PBXContainerItemProxy */;
		};
		3EC073AD2F00AA5500316BD9 /* PBXTargetDependency */ = {
			isa = PBXTargetDependency;
			target = 3EC0739B2F00AA5500316BD9 /* DevHoursWidgetsExtension */;
			targetProxy = 3EC073AC2F00AA5500316BD9 /* PBXContainerItemProxy */;
		};
/* End PBXTargetDependency section */

/* Begin XCBuildConfiguration section */
		3E6DBC4A2F1209B3009B85F7 /* Debug */ = {
			isa = XCBuildConfiguration;
			buildSettings = {
				CODE_SIGN_ENTITLEMENTS = DevHoursShieldExtension/DevHoursShieldExtension.entitlements;
				CODE_SIGN_STYLE = Automatic;
				CURRENT_PROJECT_VERSION = 1;
				DEVELOPMENT_TEAM = 679K683SQ5;
				GENERATE_INFOPLIST_FILE = YES;
				INFOPLIST_FILE = DevHoursShieldExtension/Info.plist;
				INFOPLIST_KEY_CFBundleDisplayName = DevHoursShieldExtension;
				INFOPLIST_KEY_NSHumanReadableCopyright = "";
				IPHONEOS_DEPLOYMENT_TARGET = 17.6;
				LD_RUNPATH_SEARCH_PATHS = (
					"$(inherited)",
					"@executable_path/Frameworks",
					"@executable_path/../../Frameworks",
				);
				MARKETING_VERSION = 1.0;
				PRODUCT_BUNDLE_IDENTIFIER = com.tobiasfu.DevHours.DevHoursShieldExtension;
				PRODUCT_NAME = "$(TARGET_NAME)";
				SKIP_INSTALL = YES;
				STRING_CATALOG_GENERATE_SYMBOLS = YES;
				SUPPORTED_PLATFORMS = "iphoneos iphonesimulator";
				SUPPORTS_MACCATALYST = NO;
				SUPPORTS_MAC_DESIGNED_FOR_IPHONE_IPAD = NO;
				SWIFT_APPROACHABLE_CONCURRENCY = YES;
				SWIFT_DEFAULT_ACTOR_ISOLATION = MainActor;
				SWIFT_EMIT_LOC_STRINGS = YES;
				SWIFT_STRICT_CONCURRENCY = complete;
				SWIFT_UPCOMING_FEATURE_MEMBER_IMPORT_VISIBILITY = YES;
				SWIFT_VERSION = 5.0;
				TARGETED_DEVICE_FAMILY = "1,2";
			};
			name = Debug;
		};
		3E6DBC4B2F1209B3009B85F7 /* Release */ = {
			isa = XCBuildConfiguration;
			buildSettings = {
				CODE_SIGN_ENTITLEMENTS = DevHoursShieldExtension/DevHoursShieldExtension.entitlements;
				CODE_SIGN_STYLE = Automatic;
				CURRENT_PROJECT_VERSION = 1;
				DEVELOPMENT_TEAM = 679K683SQ5;
				GENERATE_INFOPLIST_FILE = YES;
				INFOPLIST_FILE = DevHoursShieldExtension/Info.plist;
				INFOPLIST_KEY_CFBundleDisplayName = DevHoursShieldExtension;
				INFOPLIST_KEY_NSHumanReadableCopyright = "";
				IPHONEOS_DEPLOYMENT_TARGET = 17.6;
				LD_RUNPATH_SEARCH_PATHS = (
					"$(inherited)",
					"@executable_path/Frameworks",
					"@executable_path/../../Frameworks",
				);
				MARKETING_VERSION = 1.0;
				PRODUCT_BUNDLE_IDENTIFIER = com.tobiasfu.DevHours.DevHoursShieldExtension;
				PRODUCT_NAME = "$(TARGET_NAME)";
				SKIP_INSTALL = YES;
				STRING_CATALOG_GENERATE_SYMBOLS = YES;
				SUPPORTED_PLATFORMS = "iphoneos iphonesimulator";
				SUPPORTS_MACCATALYST = NO;
				SUPPORTS_MAC_DESIGNED_FOR_IPHONE_IPAD = NO;
				SWIFT_APPROACHABLE_CONCURRENCY = YES;
				SWIFT_DEFAULT_ACTOR_ISOLATION = MainActor;
				SWIFT_EMIT_LOC_STRINGS = YES;
				SWIFT_STRICT_CONCURRENCY = complete;
				SWIFT_UPCOMING_FEATURE_MEMBER_IMPORT_VISIBILITY = YES;
				SWIFT_VERSION = 5.0;
				TARGETED_DEVICE_FAMILY = "1,2";
			};
			name = Release;
		};
		3EC073B12F00AA5500316BD9 /* Debug */ = {
			isa = XCBuildConfiguration;
			buildSettings = {
				ASSETCATALOG_COMPILER_GLOBAL_ACCENT_COLOR_NAME = AccentColor;
				ASSETCATALOG_COMPILER_WIDGET_BACKGROUND_COLOR_NAME = WidgetBackground;
				CODE_SIGN_ENTITLEMENTS = DevHoursWidgetsExtension.entitlements;
				CODE_SIGN_STYLE = Automatic;
				CURRENT_PROJECT_VERSION = 1;
				DEVELOPMENT_TEAM = 679K683SQ5;
				GENERATE_INFOPLIST_FILE = NO;
				INFOPLIST_FILE = "DevHoursWidgetsExtension-Info.plist";
				INFOPLIST_KEY_CFBundleDisplayName = DevHoursWidgets;
				INFOPLIST_KEY_NSHumanReadableCopyright = "";
				IPHONEOS_DEPLOYMENT_TARGET = 17.6;
				LD_RUNPATH_SEARCH_PATHS = (
					"$(inherited)",
					"@executable_path/Frameworks",
					"@executable_path/../../Frameworks",
				);
				MACOSX_DEPLOYMENT_TARGET = 15.6;
				MARKETING_VERSION = 1.0;
				PRODUCT_BUNDLE_IDENTIFIER = com.tobiasfu.DevHours.DevHoursWidgets;
				PRODUCT_NAME = "$(TARGET_NAME)";
				SKIP_INSTALL = YES;
				STRING_CATALOG_GENERATE_SYMBOLS = YES;
				SUPPORTED_PLATFORMS = "iphoneos iphonesimulator macosx";
				SWIFT_APPROACHABLE_CONCURRENCY = YES;
				SWIFT_DEFAULT_ACTOR_ISOLATION = MainActor;
				SWIFT_EMIT_LOC_STRINGS = YES;
				SWIFT_STRICT_CONCURRENCY = complete;
				SWIFT_UPCOMING_FEATURE_MEMBER_IMPORT_VISIBILITY = YES;
				SWIFT_VERSION = 5.0;
				TARGETED_DEVICE_FAMILY = "1,2";
			};
			name = Debug;
		};
		3EC073B22F00AA5500316BD9 /* Release */ = {
			isa = XCBuildConfiguration;
			buildSettings = {
				ASSETCATALOG_COMPILER_GLOBAL_ACCENT_COLOR_NAME = AccentColor;
				ASSETCATALOG_COMPILER_WIDGET_BACKGROUND_COLOR_NAME = WidgetBackground;
				CODE_SIGN_ENTITLEMENTS = DevHoursWidgetsExtension.entitlements;
				CODE_SIGN_STYLE = Automatic;
				CURRENT_PROJECT_VERSION = 1;
				DEVELOPMENT_TEAM = 679K683SQ5;
				GENERATE_INFOPLIST_FILE = NO;
				INFOPLIST_FILE = "DevHoursWidgetsExtension-Info.plist";
				INFOPLIST_KEY_CFBundleDisplayName = DevHoursWidgets;
				INFOPLIST_KEY_NSHumanReadableCopyright = "";
				IPHONEOS_DEPLOYMENT_TARGET = 17.6;
				LD_RUNPATH_SEARCH_PATHS = (
					"$(inherited)",
					"@executable_path/Frameworks",
					"@executable_path/../../Frameworks",
				);
				MACOSX_DEPLOYMENT_TARGET = 15.6;
				MARKETING_VERSION = 1.0;
				PRODUCT_BUNDLE_IDENTIFIER = com.tobiasfu.DevHours.DevHoursWidgets;
				PRODUCT_NAME = "$(TARGET_NAME)";
				SKIP_INSTALL = YES;
				STRING_CATALOG_GENERATE_SYMBOLS = YES;
				SUPPORTED_PLATFORMS = "iphoneos iphonesimulator macosx";
				SWIFT_APPROACHABLE_CONCURRENCY = YES;
				SWIFT_DEFAULT_ACTOR_ISOLATION = MainActor;
				SWIFT_EMIT_LOC_STRINGS = YES;
				SWIFT_STRICT_CONCURRENCY = complete;
				SWIFT_UPCOMING_FEATURE_MEMBER_IMPORT_VISIBILITY = YES;
				SWIFT_VERSION = 5.0;
				TARGETED_DEVICE_FAMILY = "1,2";
			};
			name = Release;
		};
		3EEC6C3F2EEE6BA900CC7494 /* Debug */ = {
			isa = XCBuildConfiguration;
			buildSettings = {
				ALWAYS_SEARCH_USER_PATHS = NO;
				ASSETCATALOG_COMPILER_GENERATE_SWIFT_ASSET_SYMBOL_EXTENSIONS = YES;
				CLANG_ANALYZER_NONNULL = YES;
				CLANG_ANALYZER_NUMBER_OBJECT_CONVERSION = YES_AGGRESSIVE;
				CLANG_CXX_LANGUAGE_STANDARD = "gnu++20";
				CLANG_ENABLE_MODULES = YES;
				CLANG_ENABLE_OBJC_ARC = YES;
				CLANG_ENABLE_OBJC_WEAK = YES;
				CLANG_WARN_BLOCK_CAPTURE_AUTORELEASING = YES;
				CLANG_WARN_BOOL_CONVERSION = YES;
				CLANG_WARN_COMMA = YES;
				CLANG_WARN_CONSTANT_CONVERSION = YES;
				CLANG_WARN_DEPRECATED_OBJC_IMPLEMENTATIONS = YES;
				CLANG_WARN_DIRECT_OBJC_ISA_USAGE = YES_ERROR;
				CLANG_WARN_DOCUMENTATION_COMMENTS = YES;
				CLANG_WARN_EMPTY_BODY = YES;
				CLANG_WARN_ENUM_CONVERSION = YES;
				CLANG_WARN_INFINITE_RECURSION = YES;
				CLANG_WARN_INT_CONVERSION = YES;
				CLANG_WARN_NON_LITERAL_NULL_CONVERSION = YES;
				CLANG_WARN_OBJC_IMPLICIT_RETAIN_SELF = YES;
				CLANG_WARN_OBJC_LITERAL_CONVERSION = YES;
				CLANG_WARN_OBJC_ROOT_CLASS = YES_ERROR;
				CLANG_WARN_QUOTED_INCLUDE_IN_FRAMEWORK_HEADER = YES;
				CLANG_WARN_RANGE_LOOP_ANALYSIS = YES;
				CLANG_WARN_STRICT_PROTOTYPES = YES;
				CLANG_WARN_SUSPICIOUS_MOVE = YES;
				CLANG_WARN_UNGUARDED_AVAILABILITY = YES_AGGRESSIVE;
				CLANG_WARN_UNREACHABLE_CODE = YES;
				CLANG_WARN__DUPLICATE_METHOD_MATCH = YES;
				COPY_PHASE_STRIP = NO;
				DEBUG_INFORMATION_FORMAT = dwarf;
				DEVELOPMENT_TEAM = 679K683SQ5;
				ENABLE_STRICT_OBJC_MSGSEND = YES;
				ENABLE_TESTABILITY = YES;
				ENABLE_USER_SCRIPT_SANDBOXING = YES;
				GCC_C_LANGUAGE_STANDARD = gnu17;
				GCC_DYNAMIC_NO_PIC = NO;
				GCC_NO_COMMON_BLOCKS = YES;
				GCC_OPTIMIZATION_LEVEL = 0;
				GCC_PREPROCESSOR_DEFINITIONS = (
					"DEBUG=1",
					"$(inherited)",
				);
				GCC_WARN_64_TO_32_BIT_CONVERSION = YES;
				GCC_WARN_ABOUT_RETURN_TYPE = YES_ERROR;
				GCC_WARN_UNDECLARED_SELECTOR = YES;
				GCC_WARN_UNINITIALIZED_AUTOS = YES_AGGRESSIVE;
				GCC_WARN_UNUSED_FUNCTION = YES;
				GCC_WARN_UNUSED_VARIABLE = YES;
				IPHONEOS_DEPLOYMENT_TARGET = 26.0;
				LOCALIZATION_PREFERS_STRING_CATALOGS = YES;
				MTL_ENABLE_DEBUG_INFO = INCLUDE_SOURCE;
				MTL_FAST_MATH = YES;
				ONLY_ACTIVE_ARCH = YES;
				SDKROOT = iphoneos;
				SWIFT_ACTIVE_COMPILATION_CONDITIONS = "DEBUG $(inherited)";
				SWIFT_OPTIMIZATION_LEVEL = "-Onone";
			};
			name = Debug;
		};
		3EEC6C402EEE6BA900CC7494 /* Release */ = {
			isa = XCBuildConfiguration;
			buildSettings = {
				ALWAYS_SEARCH_USER_PATHS = NO;
				ASSETCATALOG_COMPILER_GENERATE_SWIFT_ASSET_SYMBOL_EXTENSIONS = YES;
				CLANG_ANALYZER_NONNULL = YES;
				CLANG_ANALYZER_NUMBER_OBJECT_CONVERSION = YES_AGGRESSIVE;
				CLANG_CXX_LANGUAGE_STANDARD = "gnu++20";
				CLANG_ENABLE_MODULES = YES;
				CLANG_ENABLE_OBJC_ARC = YES;
				CLANG_ENABLE_OBJC_WEAK = YES;
				CLANG_WARN_BLOCK_CAPTURE_AUTORELEASING = YES;
				CLANG_WARN_BOOL_CONVERSION = YES;
				CLANG_WARN_COMMA = YES;
				CLANG_WARN_CONSTANT_CONVERSION = YES;
				CLANG_WARN_DEPRECATED_OBJC_IMPLEMENTATIONS = YES;
				CLANG_WARN_DIRECT_OBJC_ISA_USAGE = YES_ERROR;
				CLANG_WARN_DOCUMENTATION_COMMENTS = YES;
				CLANG_WARN_EMPTY_BODY = YES;
				CLANG_WARN_ENUM_CONVERSION = YES;
				CLANG_WARN_INFINITE_RECURSION = YES;
				CLANG_WARN_INT_CONVERSION = YES;
				CLANG_WARN_NON_LITERAL_NULL_CONVERSION = YES;
				CLANG_WARN_OBJC_IMPLICIT_RETAIN_SELF = YES;
				CLANG_WARN_OBJC_LITERAL_CONVERSION = YES;
				CLANG_WARN_OBJC_ROOT_CLASS = YES_ERROR;
				CLANG_WARN_QUOTED_INCLUDE_IN_FRAMEWORK_HEADER = YES;
				CLANG_WARN_RANGE_LOOP_ANALYSIS = YES;
				CLANG_WARN_STRICT_PROTOTYPES = YES;
				CLANG_WARN_SUSPICIOUS_MOVE = YES;
				CLANG_WARN_UNGUARDED_AVAILABILITY = YES_AGGRESSIVE;
				CLANG_WARN_UNREACHABLE_CODE = YES;
				CLANG_WARN__DUPLICATE_METHOD_MATCH = YES;
				COPY_PHASE_STRIP = NO;
				DEBUG_INFORMATION_FORMAT = "dwarf-with-dsym";
				DEVELOPMENT_TEAM = 679K683SQ5;
				ENABLE_NS_ASSERTIONS = NO;
				ENABLE_STRICT_OBJC_MSGSEND = YES;
				ENABLE_USER_SCRIPT_SANDBOXING = YES;
				GCC_C_LANGUAGE_STANDARD = gnu17;
				GCC_NO_COMMON_BLOCKS = YES;
				GCC_WARN_64_TO_32_BIT_CONVERSION = YES;
				GCC_WARN_ABOUT_RETURN_TYPE = YES_ERROR;
				GCC_WARN_UNDECLARED_SELECTOR = YES;
				GCC_WARN_UNINITIALIZED_AUTOS = YES_AGGRESSIVE;
				GCC_WARN_UNUSED_FUNCTION = YES;
				GCC_WARN_UNUSED_VARIABLE = YES;
				IPHONEOS_DEPLOYMENT_TARGET = 26.0;
				LOCALIZATION_PREFERS_STRING_CATALOGS = YES;
				MTL_ENABLE_DEBUG_INFO = NO;
				MTL_FAST_MATH = YES;
				SDKROOT = iphoneos;
				SWIFT_COMPILATION_MODE = wholemodule;
				VALIDATE_PRODUCT = YES;
			};
			name = Release;
		};
		3EEC6C422EEE6BA900CC7494 /* Debug */ = {
			isa = XCBuildConfiguration;
			buildSettings = {
				ASSETCATALOG_COMPILER_APPICON_NAME = AppIcon;
				ASSETCATALOG_COMPILER_GLOBAL_ACCENT_COLOR_NAME = AccentColor;
				CODE_SIGN_ENTITLEMENTS = DevHours/DevHoursDebug.entitlements;
				CODE_SIGN_IDENTITY = "Apple Development";
				CODE_SIGN_STYLE = Automatic;
				CURRENT_PROJECT_VERSION = 1;
				DEVELOPMENT_TEAM = 679K683SQ5;
				ENABLE_APP_SANDBOX = YES;
				ENABLE_HARDENED_RUNTIME = YES;
				ENABLE_OUTGOING_NETWORK_CONNECTIONS = YES;
				ENABLE_PREVIEWS = YES;
				EXCLUDED_RESOURCE_FILE_NAMES = Info.plist;
				GENERATE_INFOPLIST_FILE = NO;
				INFOPLIST_FILE = DevHours/Info.plist;
				INFOPLIST_KEY_CFBundleDisplayName = Clockwise;
				INFOPLIST_KEY_LSApplicationCategoryType = "public.app-category.productivity";
				IPHONEOS_DEPLOYMENT_TARGET = 17.6;
				LD_RUNPATH_SEARCH_PATHS = (
					"$(inherited)",
					"@executable_path/Frameworks",
				);
				MACOSX_DEPLOYMENT_TARGET = 15.6;
				MARKETING_VERSION = 1.0;
				PRODUCT_BUNDLE_IDENTIFIER = com.tobiasfu.DevHours;
				PRODUCT_NAME = "$(TARGET_NAME)";
				PROVISIONING_PROFILE_SPECIFIER = "";
				REGISTER_APP_GROUPS = YES;
				STRING_CATALOG_GENERATE_SYMBOLS = YES;
				SUPPORTED_PLATFORMS = "iphoneos iphonesimulator macosx";
				SUPPORTS_MACCATALYST = NO;
				SUPPORTS_MAC_DESIGNED_FOR_IPHONE_IPAD = NO;
				SWIFT_APPROACHABLE_CONCURRENCY = YES;
				SWIFT_DEFAULT_ACTOR_ISOLATION = MainActor;
				SWIFT_EMIT_LOC_STRINGS = YES;
				SWIFT_STRICT_CONCURRENCY = complete;
				SWIFT_UPCOMING_FEATURE_MEMBER_IMPORT_VISIBILITY = YES;
				SWIFT_VERSION = 5.0;
				TARGETED_DEVICE_FAMILY = "1,2";
			};
			name = Debug;
		};
		3EEC6C432EEE6BA900CC7494 /* Release */ = {
			isa = XCBuildConfiguration;
			buildSettings = {
				ASSETCATALOG_COMPILER_APPICON_NAME = AppIcon;
				ASSETCATALOG_COMPILER_GLOBAL_ACCENT_COLOR_NAME = AccentColor;
				CODE_SIGN_ENTITLEMENTS = DevHours/DevHours.entitlements;
				CODE_SIGN_IDENTITY = "Apple Development";
				CODE_SIGN_STYLE = Automatic;
				CURRENT_PROJECT_VERSION = 1;
				DEVELOPMENT_TEAM = 679K683SQ5;
				ENABLE_APP_SANDBOX = YES;
				ENABLE_HARDENED_RUNTIME = YES;
				ENABLE_OUTGOING_NETWORK_CONNECTIONS = YES;
				ENABLE_PREVIEWS = YES;
				EXCLUDED_RESOURCE_FILE_NAMES = Info.plist;
				GENERATE_INFOPLIST_FILE = NO;
				INFOPLIST_FILE = DevHours/Info.plist;
				INFOPLIST_KEY_CFBundleDisplayName = Clockwise;
				INFOPLIST_KEY_LSApplicationCategoryType = "public.app-category.productivity";
				IPHONEOS_DEPLOYMENT_TARGET = 17.6;
				LD_RUNPATH_SEARCH_PATHS = (
					"$(inherited)",
					"@executable_path/Frameworks",
				);
				MACOSX_DEPLOYMENT_TARGET = 15.6;
				MARKETING_VERSION = 1.0;
				PRODUCT_BUNDLE_IDENTIFIER = com.tobiasfu.DevHours;
				PRODUCT_NAME = "$(TARGET_NAME)";
				PROVISIONING_PROFILE_SPECIFIER = "";
				REGISTER_APP_GROUPS = YES;
				STRING_CATALOG_GENERATE_SYMBOLS = YES;
				SUPPORTED_PLATFORMS = "iphoneos iphonesimulator macosx";
				SUPPORTS_MACCATALYST = NO;
				SUPPORTS_MAC_DESIGNED_FOR_IPHONE_IPAD = NO;
				SWIFT_APPROACHABLE_CONCURRENCY = YES;
				SWIFT_DEFAULT_ACTOR_ISOLATION = MainActor;
				SWIFT_EMIT_LOC_STRINGS = YES;
				SWIFT_STRICT_CONCURRENCY = complete;
				SWIFT_UPCOMING_FEATURE_MEMBER_IMPORT_VISIBILITY = YES;
				SWIFT_VERSION = 5.0;
				TARGETED_DEVICE_FAMILY = "1,2";
			};
			name = Release;
		};
/* End XCBuildConfiguration section */

/* Begin XCConfigurationList section */
		3E6DBC4C2F1209B3009B85F7 /* Build configuration list for PBXNativeTarget "DevHoursShieldExtension" */ = {
			isa = XCConfigurationList;
			buildConfigurations = (
				3E6DBC4A2F1209B3009B85F7 /* Debug */,
				3E6DBC4B2F1209B3009B85F7 /* Release */,
			);
			defaultConfigurationIsVisible = 0;
			defaultConfigurationName = Release;
		};
		3EC073B02F00AA5500316BD9 /* Build configuration list for PBXNativeTarget "DevHoursWidgetsExtension" */ = {
			isa = XCConfigurationList;
			buildConfigurations = (
				3EC073B12F00AA5500316BD9 /* Debug */,
				3EC073B22F00AA5500316BD9 /* Release */,
			);
			defaultConfigurationIsVisible = 0;
			defaultConfigurationName = Release;
		};
		3EEC6C2F2EEE6BA800CC7494 /* Build configuration list for PBXProject "DevHours" */ = {
			isa = XCConfigurationList;
			buildConfigurations = (
				3EEC6C3F2EEE6BA900CC7494 /* Debug */,
				3EEC6C402EEE6BA900CC7494 /* Release */,
			);
			defaultConfigurationIsVisible = 0;
			defaultConfigurationName = Release;
		};
		3EEC6C412EEE6BA900CC7494 /* Build configuration list for PBXNativeTarget "DevHours" */ = {
			isa = XCConfigurationList;
			buildConfigurations = (
				3EEC6C422EEE6BA900CC7494 /* Debug */,
				3EEC6C432EEE6BA900CC7494 /* Release */,
			);
			defaultConfigurationIsVisible = 0;
			defaultConfigurationName = Release;
		};
/* End XCConfigurationList section */
	};
	rootObject = 3EEC6C2C2EEE6BA800CC7494 /* Project object */;
}
